github.com/dadosjusbr/coletores v0.0.0-20201122053603-68a0eed3d9ad h1:+LCxb+SflHIf5urINs5QKlLlXuuU0gCFw9weo8l8D2g=
github.com/dadosjusbr/coletores v0.0.0-20201122053603-68a0eed3d9ad/go.mod h1:/MYAexbepJrBZGhKACp2ZAbRSrexfvccln0ig/0ci6E=
github.com/frictionlessdata/datapackage-go v0.0.0-20200221095509-05bdddc8613c h1:RjUoBYk3ig0YAU/udNmFwuh5MmOGUYDKUMN0G8+1XA8=
github.com/frictionlessdata/datapackage-go v0.0.0-20200221095509-05bdddc8613c/go.mod h1:d6CbzM3Xw9JOsz0AemqOX8DJa315xow0hsw6eTgiDKE=
github.com/frictionlessdata/tableschema-go v0.1.5-0.20190521014818-f9bf38926664 h1:IvuZMJ6dH1ye2bWmM8Yla6jj1xIPBR/nZJlm6P4ZSD4=
github.com/frictionlessdata/tableschema-go v0.1.5-0.20190521014818-f9bf38926664/go.mod h1:OfuE6zbfQdlwx5q9vf5XWXEGJ0LYZcd9ML3zme5rP3k=
github.com/gocarina/gocsv v0.0.0-20200827134620-49f5c3fa2b3e h1:f9zU2ojLUYe8f/uWnetnr0p6TnAGQBCV/WdPKxodBqA=
github.com/gocarina/gocsv v0.0.0-20200827134620-49f5c3fa2b3e/go.mod h1:5YoVOkjYAQumqlV356Hj3xeYh4BdZuLE0/nRkf2NKkI=
github.com/joho/godotenv v1.3.0/go.mod h1:7hK45KPybAkOC6peb+G5yklZfMxEjkZhHbwpqxOKXbg=
github.com/kr/pty v1.1.1/go.mod h1:pFQYn66WHrOpPYNljwOMqo10TkYh1fy3cYio2l3bCsQ=
github.com/kr/text v0.1.0 h1:45sCR5RtlFHMR4UwH9sdQ5TC8v0qDQCHnXt+kaKSTVE=
github.com/kr/text v0.1.0/go.mod h1:4Jbv+DJW3UT/LiOwJeYQe1efqtUx/iVham/4vfdArNI=
github.com/matryer/is v0.0.0-20170112134659-c0323ceb4e99/go.mod h1:2fLPjFQM9rhQ15aVEtbuwhJinnOqrmgXPNdZsdwlWXA=
github.com/matryer/is v1.2.0 h1:92UTHpy8CDwaJ08GqLDzhhuixiBUUD1p3AU6PHddz4A=
github.com/matryer/is v1.2.0/go.mod h1:2fLPjFQM9rhQ15aVEtbuwhJinnOqrmgXPNdZsdwlWXA=
github.com/niemeyer/pretty v0.0.0-20200227124842-a10e7caefd8e h1:fD57ERR4JtEqsWbfPhv4DMiApHyliiK5xCTNVSPiaAs=
github.com/niemeyer/pretty v0.0.0-20200227124842-a10e7caefd8e/go.mod h1:zD1mROLANZcx1PVRCS0qkT7pwLkGfwJo4zjcN/Tysno=
github.com/santhosh-tekuri/jsonschema v1.2.4 h1:hNhW8e7t+H1vgY+1QeEQpveR6D4+OwKPXCfD2aieJis=
github.com/santhosh-tekuri/jsonschema v1.2.4/go.mod h1:TEAUOeZSmIxTTuHatJzrvARHiuO9LYd+cIxzgEHCQI4=
github.com/satori/go.uuid v1.1.0/go.mod h1:dA0hQrYB0VpLJoorglMZABFdXlWrHn1NEOzdhQKdks0=
github.com/satori/go.uuid v1.2.0 h1:0uYX9dsZ2yD7q2RtLRtPSdGDWzjeM3TbMJP9utgA0ww=
github.com/satori/go.uuid v1.2.0/go.mod h1:dA0hQrYB0VpLJoorglMZABFdXlWrHn1NEOzdhQKdks0=
gopkg.in/check.v1 v1.0.0-20200902074654-038fdea0a05b h1:QRR6H1YWRnHb4Y/HeNFCTJLFVxaq6wH4YuVdsUOr75U=
gopkg.in/check.v1 v1.0.0-20200902074654-038fdea0a05b/go.mod h1:Co6ibVJAznAaIkqp8huTwlJQCZ016jof/cbN4VW5Yz0=
