github.com/dadosjusbr/coletores v0.0.0-20201021130101-2f2d1593f881 h1:ZGtr+xa7hKf3qcH3icgZGmat1xNsYniK7zx1MFnaSB8=
github.com/dadosjusbr/coletores v0.0.0-20201021130101-2f2d1593f881/go.mod h1:/MYAexbepJrBZGhKACp2ZAbRSrexfvccln0ig/0ci6E=
github.com/gocarina/gocsv v0.0.0-20200827134620-49f5c3fa2b3e h1:f9zU2ojLUYe8f/uWnetnr0p6TnAGQBCV/WdPKxodBqA=
github.com/gocarina/gocsv v0.0.0-20200827134620-49f5c3fa2b3e/go.mod h1:5YoVOkjYAQumqlV356Hj3xeYh4BdZuLE0/nRkf2NKkI=
github.com/gocarina/gocsv v0.0.0-20200925213129-04be9ee2e1a2 h1:66G8poRcUE6rtwuckM7ZoLKlyNw5PYytEktymzi/Xds=
github.com/gocarina/gocsv v0.0.0-20200925213129-04be9ee2e1a2/go.mod h1:5YoVOkjYAQumqlV356Hj3xeYh4BdZuLE0/nRkf2NKkI=
github.com/joho/godotenv v1.3.0 h1:Zjp+RcGpHhGlrMbJzXTrZZPrWj+1vfm90La1wgB6Bhc=
github.com/joho/godotenv v1.3.0/go.mod h1:7hK45KPybAkOC6peb+G5yklZfMxEjkZhHbwpqxOKXbg=
github.com/kelseyhightower/envconfig v1.4.0 h1:Im6hONhd3pLkfDFsbRgu68RDNkGF1r3dvMUtDTo2cv8=
github.com/kelseyhightower/envconfig v1.4.0/go.mod h1:cccZRl6mQpaq41TPp5QxidR+Sa3axMbJDNb//FQX6Gg=
